
Microsoft Visual Studio Solution File, Format Version 12.00
# Visual Studio Version 17
VisualStudioVersion = 17.4.33110.190
MinimumVisualStudioVersion = 10.0.40219.1
Project("{FAE04EC0-301F-11D3-BF4B-00C04F79EFBC}") = "StringFields", "StringFields\StringFields.csproj", "{B514DA2D-1364-4E64-BAEA-042629EF51CC}"
EndProject
Global
	GlobalSection(SolutionConfigurationPlatforms) = preSolution
		Debug|Any CPU = Debug|Any CPU
		Release|Any CPU = Release|Any CPU
	EndGlobalSection
	GlobalSection(ProjectConfigurationPlatforms) = postSolution
		{B514DA2D-1364-4E64-BAEA-042629EF51CC}.Debug|Any CPU.ActiveCfg = Debug|Any CPU
		{B514DA2D-1364-4E64-BAEA-042629EF51CC}.Debug|Any CPU.Build.0 = Debug|Any CPU
		{B514DA2D-1364-4E64-BAEA-042629EF51CC}.Release|Any CPU.ActiveCfg = Release|Any CPU
		{B514DA2D-1364-4E64-BAEA-042629EF51CC}.Release|Any CPU.Build.0 = Release|Any CPU
	EndGlobalSection
	GlobalSection(SolutionProperties) = preSolution
		HideSolutionNode = FALSE
	EndGlobalSection
	GlobalSection(ExtensibilityGlobals) = postSolution
		SolutionGuid = {C285600F-AADA-4FDA-85FC-542701D89FB4}
	EndGlobalSection
EndGlobal
